
Microsoft Visual Studio Solution File, Format Version 12.00
# Visual Studio Version 17
VisualStudioVersion = 17.11.35208.52
MinimumVisualStudioVersion = 10.0.40219.1
Project("{FAE04EC0-301F-11D3-BF4B-00C04F79EFBC}") = "TgBuilder", "TgBuilder\TgBuilder.csproj", "{F87A8322-E2B4-4A0D-B691-AA0710284377}"
EndProject
Global
	GlobalSection(SolutionConfigurationPlatforms) = preSolution
		Debug|Any CPU = Debug|Any CPU
		Release|Any CPU = Release|Any CPU
	EndGlobalSection
	GlobalSection(ProjectConfigurationPlatforms) = postSolution
		{F87A8322-E2B4-4A0D-B691-AA0710284377}.Debug|Any CPU.ActiveCfg = Debug|Any CPU
		{F87A8322-E2B4-4A0D-B691-AA0710284377}.Debug|Any CPU.Build.0 = Debug|Any CPU
		{F87A8322-E2B4-4A0D-B691-AA0710284377}.Release|Any CPU.ActiveCfg = Release|Any CPU
		{F87A8322-E2B4-4A0D-B691-AA0710284377}.Release|Any CPU.Build.0 = Release|Any CPU
	EndGlobalSection
	GlobalSection(SolutionProperties) = preSolution
		HideSolutionNode = FALSE
	EndGlobalSection
	GlobalSection(ExtensibilityGlobals) = postSolution
		SolutionGuid = {A07733D5-2859-4821-BDC6-777E8E24D4F6}
	EndGlobalSection
EndGlobal
